
Microsoft Visual Studio Solution File, Format Version 12.00
# Visual Studio Version 18
VisualStudioVersion = 18.1.11312.151
MinimumVisualStudioVersion = 10.0.40219.1
Project("{FAE04EC0-301F-11D3-BF4B-00C04F79EFBC}") = "ProjMngServer", "ProjMngServer\ProjMngServer.csproj", "{AA2A5FD5-CA2D-82D4-EC41-04E0AF0617AF}"
EndProject
Project("{FAE04EC0-301F-11D3-BF4B-00C04F79EFBC}") = "ProjMngWasm", "ProjMngWasm\ProjMngWasm.csproj", "{9C996C46-3825-543D-5E5F-D02F1E077445}"
EndProject
Project("{FAE04EC0-301F-11D3-BF4B-00C04F79EFBC}") = "ProjModel", "ProjModel\ProjModel.csproj", "{39F46300-3279-4727-8142-6178A528E496}"
EndProject
Project("{FAE04EC0-301F-11D3-BF4B-00C04F79EFBC}") = "ProjMngNomal", "ProjMngNomal\ProjMngNomal.csproj", "{E6A82318-5EEA-4FB3-9AF0-759FF3012324}"
EndProject
Project("{54A90642-561A-4BB1-A94E-469ADEE60C69}") = "ProjMngVue_admintemp", "ProjMngVue_admintemp\ProjMngVue_admintemp.esproj", "{7F020B78-BC3B-A804-DDEA-BB8CA8B59FDB}"
EndProject
Project("{2150E333-8FDC-42A3-9474-1A3956D46DE8}") = "Solution Items", "Solution Items", "{C8D5274F-AC00-46C7-1F8D-E88E81087A52}"
	ProjectSection(SolutionItems) = preProject
		.editorconfig = .editorconfig
	EndProjectSection
EndProject
Project("{FAE04EC0-301F-11D3-BF4B-00C04F79EFBC}") = "HomeWorkWasm", "HomeWorkWasm\HomeWorkWasm.csproj", "{DD1B0DF2-3420-4AE7-A0E1-0E6CB2BF8FEE}"
EndProject
Project("{FAE04EC0-301F-11D3-BF4B-00C04F79EFBC}") = "WasmShear", "WasmShear\WasmShear.csproj", "{745316FF-A6C4-40FE-BBD9-82EAE9CE3E07}"
EndProject
Project("{2150E333-8FDC-42A3-9474-1A3956D46DE8}") = "솔루션 항목", "솔루션 항목", "{2A3A057F-5D22-31FD-628C-DF5EF75AEF1E}"
	ProjectSection(SolutionItems) = preProject
		memo.txt = memo.txt
	EndProjectSection
EndProject
Project("{2150E333-8FDC-42A3-9474-1A3956D46DE8}") = "ghub", "ghub", "{71B04715-5DB2-44C7-90DD-25E8DE1D0B84}"
EndProject
Project("{FAE04EC0-301F-11D3-BF4B-00C04F79EFBC}") = "skgRestApi", "skgas\skgRestApi\skgRestApi.csproj", "{2555DFFD-C68F-7507-FD8F-41BC2FF8C29A}"
EndProject
Project("{54A90642-561A-4BB1-A94E-469ADEE60C69}") = "ghubfront", "skgas\ghubFront\ghubfront.esproj", "{74AFA4F5-0377-E849-E572-7819AE0E3090}"
EndProject
Global
	GlobalSection(SolutionConfigurationPlatforms) = preSolution
		Debug|Any CPU = Debug|Any CPU
		Release|Any CPU = Release|Any CPU
	EndGlobalSection
	GlobalSection(ProjectConfigurationPlatforms) = postSolution
		{AA2A5FD5-CA2D-82D4-EC41-04E0AF0617AF}.Debug|Any CPU.ActiveCfg = Debug|Any CPU
		{AA2A5FD5-CA2D-82D4-EC41-04E0AF0617AF}.Debug|Any CPU.Build.0 = Debug|Any CPU
		{AA2A5FD5-CA2D-82D4-EC41-04E0AF0617AF}.Release|Any CPU.ActiveCfg = Release|Any CPU
		{AA2A5FD5-CA2D-82D4-EC41-04E0AF0617AF}.Release|Any CPU.Build.0 = Release|Any CPU
		{9C996C46-3825-543D-5E5F-D02F1E077445}.Debug|Any CPU.ActiveCfg = Debug|Any CPU
		{9C996C46-3825-543D-5E5F-D02F1E077445}.Debug|Any CPU.Build.0 = Debug|Any CPU
		{9C996C46-3825-543D-5E5F-D02F1E077445}.Release|Any CPU.ActiveCfg = Release|Any CPU
		{9C996C46-3825-543D-5E5F-D02F1E077445}.Release|Any CPU.Build.0 = Release|Any CPU
		{39F46300-3279-4727-8142-6178A528E496}.Debug|Any CPU.ActiveCfg = Debug|Any CPU
		{39F46300-3279-4727-8142-6178A528E496}.Debug|Any CPU.Build.0 = Debug|Any CPU
		{39F46300-3279-4727-8142-6178A528E496}.Release|Any CPU.ActiveCfg = Release|Any CPU
		{39F46300-3279-4727-8142-6178A528E496}.Release|Any CPU.Build.0 = Release|Any CPU
		{E6A82318-5EEA-4FB3-9AF0-759FF3012324}.Debug|Any CPU.ActiveCfg = Debug|Any CPU
		{E6A82318-5EEA-4FB3-9AF0-759FF3012324}.Debug|Any CPU.Build.0 = Debug|Any CPU
		{E6A82318-5EEA-4FB3-9AF0-759FF3012324}.Release|Any CPU.ActiveCfg = Release|Any CPU
		{E6A82318-5EEA-4FB3-9AF0-759FF3012324}.Release|Any CPU.Build.0 = Release|Any CPU
		{7F020B78-BC3B-A804-DDEA-BB8CA8B59FDB}.Debug|Any CPU.ActiveCfg = Debug|Any CPU
		{7F020B78-BC3B-A804-DDEA-BB8CA8B59FDB}.Debug|Any CPU.Build.0 = Debug|Any CPU
		{7F020B78-BC3B-A804-DDEA-BB8CA8B59FDB}.Debug|Any CPU.Deploy.0 = Debug|Any CPU
		{7F020B78-BC3B-A804-DDEA-BB8CA8B59FDB}.Release|Any CPU.ActiveCfg = Release|Any CPU
		{7F020B78-BC3B-A804-DDEA-BB8CA8B59FDB}.Release|Any CPU.Build.0 = Release|Any CPU
		{7F020B78-BC3B-A804-DDEA-BB8CA8B59FDB}.Release|Any CPU.Deploy.0 = Release|Any CPU
		{DD1B0DF2-3420-4AE7-A0E1-0E6CB2BF8FEE}.Debug|Any CPU.ActiveCfg = Debug|Any CPU
		{DD1B0DF2-3420-4AE7-A0E1-0E6CB2BF8FEE}.Debug|Any CPU.Build.0 = Debug|Any CPU
		{DD1B0DF2-3420-4AE7-A0E1-0E6CB2BF8FEE}.Release|Any CPU.ActiveCfg = Release|Any CPU
		{DD1B0DF2-3420-4AE7-A0E1-0E6CB2BF8FEE}.Release|Any CPU.Build.0 = Release|Any CPU
		{745316FF-A6C4-40FE-BBD9-82EAE9CE3E07}.Debug|Any CPU.ActiveCfg = Debug|Any CPU
		{745316FF-A6C4-40FE-BBD9-82EAE9CE3E07}.Debug|Any CPU.Build.0 = Debug|Any CPU
		{745316FF-A6C4-40FE-BBD9-82EAE9CE3E07}.Release|Any CPU.ActiveCfg = Release|Any CPU
		{745316FF-A6C4-40FE-BBD9-82EAE9CE3E07}.Release|Any CPU.Build.0 = Release|Any CPU
		{2555DFFD-C68F-7507-FD8F-41BC2FF8C29A}.Debug|Any CPU.ActiveCfg = Debug|Any CPU
		{2555DFFD-C68F-7507-FD8F-41BC2FF8C29A}.Debug|Any CPU.Build.0 = Debug|Any CPU
		{2555DFFD-C68F-7507-FD8F-41BC2FF8C29A}.Release|Any CPU.ActiveCfg = Release|Any CPU
		{2555DFFD-C68F-7507-FD8F-41BC2FF8C29A}.Release|Any CPU.Build.0 = Release|Any CPU
		{74AFA4F5-0377-E849-E572-7819AE0E3090}.Debug|Any CPU.ActiveCfg = Debug|Any CPU
		{74AFA4F5-0377-E849-E572-7819AE0E3090}.Debug|Any CPU.Build.0 = Debug|Any CPU
		{74AFA4F5-0377-E849-E572-7819AE0E3090}.Debug|Any CPU.Deploy.0 = Debug|Any CPU
		{74AFA4F5-0377-E849-E572-7819AE0E3090}.Release|Any CPU.ActiveCfg = Release|Any CPU
		{74AFA4F5-0377-E849-E572-7819AE0E3090}.Release|Any CPU.Build.0 = Release|Any CPU
		{74AFA4F5-0377-E849-E572-7819AE0E3090}.Release|Any CPU.Deploy.0 = Release|Any CPU
	EndGlobalSection
	GlobalSection(SolutionProperties) = preSolution
		HideSolutionNode = FALSE
	EndGlobalSection
	GlobalSection(NestedProjects) = preSolution
		{2555DFFD-C68F-7507-FD8F-41BC2FF8C29A} = {71B04715-5DB2-44C7-90DD-25E8DE1D0B84}
		{74AFA4F5-0377-E849-E572-7819AE0E3090} = {71B04715-5DB2-44C7-90DD-25E8DE1D0B84}
	EndGlobalSection
	GlobalSection(ExtensibilityGlobals) = postSolution
		SolutionGuid = {71311C71-7688-4729-AEBD-B5FA7E44CD13}
	EndGlobalSection
EndGlobal
